
Microsoft Visual Studio Solution File, Format Version 12.00
# Visual Studio 2012
Project("{FAE04EC0-301F-11D3-BF4B-00C04F79EFBC}") = "NancyDemo.Csharp", "NancyDemo.Csharp\NancyDemo.Csharp.csproj", "{18CF0BEC-9AAC-41FB-9439-E82A06BE15B2}"
EndProject
Project("{FAE04EC0-301F-11D3-BF4B-00C04F79EFBC}") = "NancyDemo.Csharp.Tests", "NancyDemo.Csharp.Tests\NancyDemo.Csharp.Tests.csproj", "{0252BF38-3FCF-4E04-B86B-0EF82FF2BB10}"
EndProject
Project("{F184B08F-C81C-45F6-A57F-5ABD9991F28F}") = "NancyDemo.VB", "NancyDemo.VB\NancyDemo.VB.vbproj", "{32CACB78-FE82-4332-B5E7-3B9FB2691A70}"
EndProject
Project("{F184B08F-C81C-45F6-A57F-5ABD9991F28F}") = "NancyDemo.VB.Tests", "NancyDemo.VB.Tests\NancyDemo.VB.Tests.vbproj", "{43FFEFB5-88CA-4602-9BCB-220C99CE2451}"
EndProject
Project("{F184B08F-C81C-45F6-A57F-5ABD9991F28F}") = "NancyDemo.VB.Easyhttp", "NancyDemo.VB.Easyhttp\NancyDemo.VB.Easyhttp.vbproj", "{7C92668A-C489-4601-A4D6-FE20072A0E9D}"
EndProject
Project("{FAE04EC0-301F-11D3-BF4B-00C04F79EFBC}") = "NancyDemo.Csharp.Easyhttp", "NancyDemo.Csharp.Easyhttp\NancyDemo.Csharp.Easyhttp.csproj", "{88327E3D-3AA4-483F-8224-F42B1DC2DA4C}"
EndProject
Global
	GlobalSection(SolutionConfigurationPlatforms) = preSolution
		Debug|Any CPU = Debug|Any CPU
		MonoDebug|Any CPU = MonoDebug|Any CPU
		MonoRelease|Any CPU = MonoRelease|Any CPU
		Release|Any CPU = Release|Any CPU
	EndGlobalSection
	GlobalSection(ProjectConfigurationPlatforms) = postSolution
		{18CF0BEC-9AAC-41FB-9439-E82A06BE15B2}.Debug|Any CPU.ActiveCfg = Debug|Any CPU
		{18CF0BEC-9AAC-41FB-9439-E82A06BE15B2}.Debug|Any CPU.Build.0 = Debug|Any CPU
		{18CF0BEC-9AAC-41FB-9439-E82A06BE15B2}.MonoDebug|Any CPU.ActiveCfg = Debug|Any CPU
		{18CF0BEC-9AAC-41FB-9439-E82A06BE15B2}.MonoDebug|Any CPU.Build.0 = Debug|Any CPU
		{18CF0BEC-9AAC-41FB-9439-E82A06BE15B2}.MonoRelease|Any CPU.ActiveCfg = Release|Any CPU
		{18CF0BEC-9AAC-41FB-9439-E82A06BE15B2}.MonoRelease|Any CPU.Build.0 = Release|Any CPU
		{18CF0BEC-9AAC-41FB-9439-E82A06BE15B2}.Release|Any CPU.ActiveCfg = Release|Any CPU
		{18CF0BEC-9AAC-41FB-9439-E82A06BE15B2}.Release|Any CPU.Build.0 = Release|Any CPU
		{0252BF38-3FCF-4E04-B86B-0EF82FF2BB10}.Debug|Any CPU.ActiveCfg = Debug|Any CPU
		{0252BF38-3FCF-4E04-B86B-0EF82FF2BB10}.Debug|Any CPU.Build.0 = Debug|Any CPU
		{0252BF38-3FCF-4E04-B86B-0EF82FF2BB10}.MonoDebug|Any CPU.ActiveCfg = Debug|Any CPU
		{0252BF38-3FCF-4E04-B86B-0EF82FF2BB10}.MonoDebug|Any CPU.Build.0 = Debug|Any CPU
		{0252BF38-3FCF-4E04-B86B-0EF82FF2BB10}.MonoRelease|Any CPU.ActiveCfg = Release|Any CPU
		{0252BF38-3FCF-4E04-B86B-0EF82FF2BB10}.MonoRelease|Any CPU.Build.0 = Release|Any CPU
		{0252BF38-3FCF-4E04-B86B-0EF82FF2BB10}.Release|Any CPU.ActiveCfg = Release|Any CPU
		{0252BF38-3FCF-4E04-B86B-0EF82FF2BB10}.Release|Any CPU.Build.0 = Release|Any CPU
		{32CACB78-FE82-4332-B5E7-3B9FB2691A70}.Debug|Any CPU.ActiveCfg = Debug|Any CPU
		{32CACB78-FE82-4332-B5E7-3B9FB2691A70}.Debug|Any CPU.Build.0 = Debug|Any CPU
		{32CACB78-FE82-4332-B5E7-3B9FB2691A70}.MonoDebug|Any CPU.ActiveCfg = Debug|Any CPU
		{32CACB78-FE82-4332-B5E7-3B9FB2691A70}.MonoDebug|Any CPU.Build.0 = Debug|Any CPU
		{32CACB78-FE82-4332-B5E7-3B9FB2691A70}.MonoRelease|Any CPU.ActiveCfg = Release|Any CPU
		{32CACB78-FE82-4332-B5E7-3B9FB2691A70}.MonoRelease|Any CPU.Build.0 = Release|Any CPU
		{32CACB78-FE82-4332-B5E7-3B9FB2691A70}.Release|Any CPU.ActiveCfg = Release|Any CPU
		{32CACB78-FE82-4332-B5E7-3B9FB2691A70}.Release|Any CPU.Build.0 = Release|Any CPU
		{43FFEFB5-88CA-4602-9BCB-220C99CE2451}.Debug|Any CPU.ActiveCfg = Debug|Any CPU
		{43FFEFB5-88CA-4602-9BCB-220C99CE2451}.Debug|Any CPU.Build.0 = Debug|Any CPU
		{43FFEFB5-88CA-4602-9BCB-220C99CE2451}.MonoDebug|Any CPU.ActiveCfg = Debug|Any CPU
		{43FFEFB5-88CA-4602-9BCB-220C99CE2451}.MonoDebug|Any CPU.Build.0 = Debug|Any CPU
		{43FFEFB5-88CA-4602-9BCB-220C99CE2451}.MonoRelease|Any CPU.ActiveCfg = Release|Any CPU
		{43FFEFB5-88CA-4602-9BCB-220C99CE2451}.MonoRelease|Any CPU.Build.0 = Release|Any CPU
		{43FFEFB5-88CA-4602-9BCB-220C99CE2451}.Release|Any CPU.ActiveCfg = Release|Any CPU
		{43FFEFB5-88CA-4602-9BCB-220C99CE2451}.Release|Any CPU.Build.0 = Release|Any CPU
		{7C92668A-C489-4601-A4D6-FE20072A0E9D}.Debug|Any CPU.ActiveCfg = Debug|Any CPU
		{7C92668A-C489-4601-A4D6-FE20072A0E9D}.Debug|Any CPU.Build.0 = Debug|Any CPU
		{7C92668A-C489-4601-A4D6-FE20072A0E9D}.MonoDebug|Any CPU.ActiveCfg = Debug|Any CPU
		{7C92668A-C489-4601-A4D6-FE20072A0E9D}.MonoDebug|Any CPU.Build.0 = Debug|Any CPU
		{7C92668A-C489-4601-A4D6-FE20072A0E9D}.MonoRelease|Any CPU.ActiveCfg = Release|Any CPU
		{7C92668A-C489-4601-A4D6-FE20072A0E9D}.MonoRelease|Any CPU.Build.0 = Release|Any CPU
		{7C92668A-C489-4601-A4D6-FE20072A0E9D}.Release|Any CPU.ActiveCfg = Release|Any CPU
		{7C92668A-C489-4601-A4D6-FE20072A0E9D}.Release|Any CPU.Build.0 = Release|Any CPU
		{88327E3D-3AA4-483F-8224-F42B1DC2DA4C}.Debug|Any CPU.ActiveCfg = Debug|Any CPU
		{88327E3D-3AA4-483F-8224-F42B1DC2DA4C}.Debug|Any CPU.Build.0 = Debug|Any CPU
		{88327E3D-3AA4-483F-8224-F42B1DC2DA4C}.MonoDebug|Any CPU.ActiveCfg = Debug|Any CPU
		{88327E3D-3AA4-483F-8224-F42B1DC2DA4C}.MonoDebug|Any CPU.Build.0 = Debug|Any CPU
		{88327E3D-3AA4-483F-8224-F42B1DC2DA4C}.MonoRelease|Any CPU.ActiveCfg = Release|Any CPU
		{88327E3D-3AA4-483F-8224-F42B1DC2DA4C}.MonoRelease|Any CPU.Build.0 = Release|Any CPU
		{88327E3D-3AA4-483F-8224-F42B1DC2DA4C}.Release|Any CPU.ActiveCfg = Release|Any CPU
		{88327E3D-3AA4-483F-8224-F42B1DC2DA4C}.Release|Any CPU.Build.0 = Release|Any CPU
	EndGlobalSection
	GlobalSection(SolutionProperties) = preSolution
		HideSolutionNode = FALSE
	EndGlobalSection
EndGlobal
